
Microsoft Visual Studio Solution File, Format Version 12.00
# Visual Studio Version 16
VisualStudioVersion = 16.0.31112.23
MinimumVisualStudioVersion = 10.0.40219.1
Project("{FAE04EC0-301F-11D3-BF4B-00C04F79EFBC}") = "B21_Ex01_1", "B21_Ex01_1\B21_Ex01_1.csproj", "{8DEE4208-1B4C-4154-AE47-8561573E29EC}"
EndProject
Global
	GlobalSection(SolutionConfigurationPlatforms) = preSolution
		Debug|Any CPU = Debug|Any CPU
		Release|Any CPU = Release|Any CPU
	EndGlobalSection
	GlobalSection(ProjectConfigurationPlatforms) = postSolution
		{8DEE4208-1B4C-4154-AE47-8561573E29EC}.Debug|Any CPU.ActiveCfg = Debug|Any CPU
		{8DEE4208-1B4C-4154-AE47-8561573E29EC}.Debug|Any CPU.Build.0 = Debug|Any CPU
		{8DEE4208-1B4C-4154-AE47-8561573E29EC}.Release|Any CPU.ActiveCfg = Release|Any CPU
		{8DEE4208-1B4C-4154-AE47-8561573E29EC}.Release|Any CPU.Build.0 = Release|Any CPU
	EndGlobalSection
	GlobalSection(SolutionProperties) = preSolution
		HideSolutionNode = FALSE
	EndGlobalSection
	GlobalSection(ExtensibilityGlobals) = postSolution
		SolutionGuid = {BBD8E60D-6131-46AE-BA09-84DFE3B78683}
	EndGlobalSection
EndGlobal
